// !$*UTF8*$!
{
	archiveVersion = 1;
	classes = {
	};
	objectVersion = 51;
	objects = {

/* Begin PBXBuildFile section */
		3B869EA212FFF099D436C7AF /* Pods_HackDavisTests.framework in Frameworks */ = {isa = PBXBuildFile; fileRef = A7E7AD324ADF5721E0BE08FB /* Pods_HackDavisTests.framework */; };
		6AE6E9ADA014DB3C7F467BAE /* Pods_HackDavis_HackDavisUITests.framework in Frameworks */ = {isa = PBXBuildFile; fileRef = 494E2496B504C3BAB5404FB7 /* Pods_HackDavis_HackDavisUITests.framework */; };
		9252228F25B35C12009344E0 /* ProfileViewController.swift in Sources */ = {isa = PBXBuildFile; fileRef = 9252228E25B35C12009344E0 /* ProfileViewController.swift */; };
		926BB6A425B37EEB00A934CD /* LoginViewController.swift in Sources */ = {isa = PBXBuildFile; fileRef = 926BB6A325B37EEB00A934CD /* LoginViewController.swift */; };
		926BB6A925B37F9B00A934CD /* MyDatabase.swift in Sources */ = {isa = PBXBuildFile; fileRef = 926BB6A825B37F9B00A934CD /* MyDatabase.swift */; };
		926BB6AE25B3808800A934CD /* InitialViewController.swift in Sources */ = {isa = PBXBuildFile; fileRef = 926BB6AD25B3808800A934CD /* InitialViewController.swift */; };
		99AFF45725B36BAA00B137A7 /* MainFeedViewController.swift in Sources */ = {isa = PBXBuildFile; fileRef = 99AFF45625B36BAA00B137A7 /* MainFeedViewController.swift */; };
		99AFF45C25B36BE500B137A7 /* DetailPostViewController.swift in Sources */ = {isa = PBXBuildFile; fileRef = 99AFF45B25B36BE500B137A7 /* DetailPostViewController.swift */; };
		99AFF46125B36C0500B137A7 /* MapViewController.swift in Sources */ = {isa = PBXBuildFile; fileRef = 99AFF46025B36C0500B137A7 /* MapViewController.swift */; };
		99AFF46625B36C1F00B137A7 /* ChatViewController.swift in Sources */ = {isa = PBXBuildFile; fileRef = 99AFF46525B36C1F00B137A7 /* ChatViewController.swift */; };
		B4D0AF5F2AD9FFEAB490CBC9 /* Pods_HackDavis.framework in Frameworks */ = {isa = PBXBuildFile; fileRef = 49BD7708D4162A72184E8EF8 /* Pods_HackDavis.framework */; };
		DA11C51125B419F200094D5F /* ConversationListController.swift in Sources */ = {isa = PBXBuildFile; fileRef = DA11C51025B419F200094D5F /* ConversationListController.swift */; };
		DA2862A525B3AB82005151D1 /* RegisterController.swift in Sources */ = {isa = PBXBuildFile; fileRef = DA2862A425B3AB82005151D1 /* RegisterController.swift */; };
		DA2862AA25B3B005005151D1 /* GoogleService-Info.plist in Resources */ = {isa = PBXBuildFile; fileRef = DA2862A925B3B005005151D1 /* GoogleService-Info.plist */; };
		DA2862B225B3B2E0005151D1 /* LoginPageController.swift in Sources */ = {isa = PBXBuildFile; fileRef = DA2862B125B3B2E0005151D1 /* LoginPageController.swift */; };
		DA2862B725B3B777005151D1 /* StaticsAndConstants.swift in Sources */ = {isa = PBXBuildFile; fileRef = DA2862B625B3B777005151D1 /* StaticsAndConstants.swift */; };
		DA2862BF25B3B7BD005151D1 /* Message.swift in Sources */ = {isa = PBXBuildFile; fileRef = DA2862BE25B3B7BD005151D1 /* Message.swift */; };
		DA2862C525B3BE17005151D1 /* MessageCell.swift in Sources */ = {isa = PBXBuildFile; fileRef = DA2862C325B3BE17005151D1 /* MessageCell.swift */; };
		DA2862C625B3BE17005151D1 /* MessageCell.xib in Resources */ = {isa = PBXBuildFile; fileRef = DA2862C425B3BE17005151D1 /* MessageCell.xib */; };
		DAE5F6F625B3464A002E9D99 /* AppDelegate.swift in Sources */ = {isa = PBXBuildFile; fileRef = DAE5F6F525B3464A002E9D99 /* AppDelegate.swift */; };
		DAE5F6F825B3464A002E9D99 /* SceneDelegate.swift in Sources */ = {isa = PBXBuildFile; fileRef = DAE5F6F725B3464A002E9D99 /* SceneDelegate.swift */; };
		DAE5F6FD25B3464A002E9D99 /* Main.storyboard in Resources */ = {isa = PBXBuildFile; fileRef = DAE5F6FB25B3464A002E9D99 /* Main.storyboard */; };
		DAE5F6FF25B3464D002E9D99 /* Assets.xcassets in Resources */ = {isa = PBXBuildFile; fileRef = DAE5F6FE25B3464D002E9D99 /* Assets.xcassets */; };
		DAE5F70225B3464D002E9D99 /* LaunchScreen.storyboard in Resources */ = {isa = PBXBuildFile; fileRef = DAE5F70025B3464D002E9D99 /* LaunchScreen.storyboard */; };
		DAE5F70D25B3464D002E9D99 /* HackDavisTests.swift in Sources */ = {isa = PBXBuildFile; fileRef = DAE5F70C25B3464D002E9D99 /* HackDavisTests.swift */; };
		DAE5F71825B3464E002E9D99 /* HackDavisUITests.swift in Sources */ = {isa = PBXBuildFile; fileRef = DAE5F71725B3464E002E9D99 /* HackDavisUITests.swift */; };
/* End PBXBuildFile section */

/* Begin PBXContainerItemProxy section */
		DAE5F70925B3464D002E9D99 /* PBXContainerItemProxy */ = {
			isa = PBXContainerItemProxy;
			containerPortal = DAE5F6EA25B3464A002E9D99 /* Project object */;
			proxyType = 1;
			remoteGlobalIDString = DAE5F6F125B3464A002E9D99;
			remoteInfo = HackDavis;
		};
		DAE5F71425B3464E002E9D99 /* PBXContainerItemProxy */ = {
			isa = PBXContainerItemProxy;
			containerPortal = DAE5F6EA25B3464A002E9D99 /* Project object */;
			proxyType = 1;
			remoteGlobalIDString = DAE5F6F125B3464A002E9D99;
			remoteInfo = HackDavis;
		};
/* End PBXContainerItemProxy section */

/* Begin PBXFileReference section */
		494E2496B504C3BAB5404FB7 /* Pods_HackDavis_HackDavisUITests.framework */ = {isa = PBXFileReference; explicitFileType = wrapper.framework; includeInIndex = 0; path = Pods_HackDavis_HackDavisUITests.framework; sourceTree = BUILT_PRODUCTS_DIR; };
		49BD7708D4162A72184E8EF8 /* Pods_HackDavis.framework */ = {isa = PBXFileReference; explicitFileType = wrapper.framework; includeInIndex = 0; path = Pods_HackDavis.framework; sourceTree = BUILT_PRODUCTS_DIR; };
		5193A58241A7970E3767C02A /* Pods-HackDavisTests.release.xcconfig */ = {isa = PBXFileReference; includeInIndex = 1; lastKnownFileType = text.xcconfig; name = "Pods-HackDavisTests.release.xcconfig"; path = "Target Support Files/Pods-HackDavisTests/Pods-HackDavisTests.release.xcconfig"; sourceTree = "<group>"; };
		70060A913A2CA7A42A716703 /* Pods-HackDavis.debug.xcconfig */ = {isa = PBXFileReference; includeInIndex = 1; lastKnownFileType = text.xcconfig; name = "Pods-HackDavis.debug.xcconfig"; path = "Target Support Files/Pods-HackDavis/Pods-HackDavis.debug.xcconfig"; sourceTree = "<group>"; };
		9252228E25B35C12009344E0 /* ProfileViewController.swift */ = {isa = PBXFileReference; lastKnownFileType = sourcecode.swift; path = ProfileViewController.swift; sourceTree = "<group>"; };
		926BB6A325B37EEB00A934CD /* LoginViewController.swift */ = {isa = PBXFileReference; lastKnownFileType = sourcecode.swift; path = LoginViewController.swift; sourceTree = "<group>"; };
		926BB6A825B37F9B00A934CD /* MyDatabase.swift */ = {isa = PBXFileReference; lastKnownFileType = sourcecode.swift; path = MyDatabase.swift; sourceTree = "<group>"; };
		926BB6AD25B3808800A934CD /* InitialViewController.swift */ = {isa = PBXFileReference; lastKnownFileType = sourcecode.swift; path = InitialViewController.swift; sourceTree = "<group>"; };
		97EA6C0E587A902AA4C2673D /* Pods-HackDavis-HackDavisUITests.release.xcconfig */ = {isa = PBXFileReference; includeInIndex = 1; lastKnownFileType = text.xcconfig; name = "Pods-HackDavis-HackDavisUITests.release.xcconfig"; path = "Target Support Files/Pods-HackDavis-HackDavisUITests/Pods-HackDavis-HackDavisUITests.release.xcconfig"; sourceTree = "<group>"; };
		99AFF45625B36BAA00B137A7 /* MainFeedViewController.swift */ = {isa = PBXFileReference; lastKnownFileType = sourcecode.swift; path = MainFeedViewController.swift; sourceTree = "<group>"; };
		99AFF45B25B36BE500B137A7 /* DetailPostViewController.swift */ = {isa = PBXFileReference; lastKnownFileType = sourcecode.swift; path = DetailPostViewController.swift; sourceTree = "<group>"; };
		99AFF46025B36C0500B137A7 /* MapViewController.swift */ = {isa = PBXFileReference; lastKnownFileType = sourcecode.swift; path = MapViewController.swift; sourceTree = "<group>"; };
		99AFF46525B36C1F00B137A7 /* ChatViewController.swift */ = {isa = PBXFileReference; lastKnownFileType = sourcecode.swift; path = ChatViewController.swift; sourceTree = "<group>"; };
		A7E7AD324ADF5721E0BE08FB /* Pods_HackDavisTests.framework */ = {isa = PBXFileReference; explicitFileType = wrapper.framework; includeInIndex = 0; path = Pods_HackDavisTests.framework; sourceTree = BUILT_PRODUCTS_DIR; };
		BB403061EBAB0E428BD073F3 /* Pods-HackDavis.release.xcconfig */ = {isa = PBXFileReference; includeInIndex = 1; lastKnownFileType = text.xcconfig; name = "Pods-HackDavis.release.xcconfig"; path = "Target Support Files/Pods-HackDavis/Pods-HackDavis.release.xcconfig"; sourceTree = "<group>"; };
		D0848D795A6F82D4955CA7A9 /* Pods-HackDavis-HackDavisUITests.debug.xcconfig */ = {isa = PBXFileReference; includeInIndex = 1; lastKnownFileType = text.xcconfig; name = "Pods-HackDavis-HackDavisUITests.debug.xcconfig"; path = "Target Support Files/Pods-HackDavis-HackDavisUITests/Pods-HackDavis-HackDavisUITests.debug.xcconfig"; sourceTree = "<group>"; };
		D7EE523E3DED04DEC4059CC0 /* Pods-HackDavisTests.debug.xcconfig */ = {isa = PBXFileReference; includeInIndex = 1; lastKnownFileType = text.xcconfig; name = "Pods-HackDavisTests.debug.xcconfig"; path = "Target Support Files/Pods-HackDavisTests/Pods-HackDavisTests.debug.xcconfig"; sourceTree = "<group>"; };
		DA11C51025B419F200094D5F /* ConversationListController.swift */ = {isa = PBXFileReference; lastKnownFileType = sourcecode.swift; path = ConversationListController.swift; sourceTree = "<group>"; };
		DA2862A425B3AB82005151D1 /* RegisterController.swift */ = {isa = PBXFileReference; lastKnownFileType = sourcecode.swift; path = RegisterController.swift; sourceTree = "<group>"; };
		DA2862A925B3B005005151D1 /* GoogleService-Info.plist */ = {isa = PBXFileReference; lastKnownFileType = text.plist; path = "GoogleService-Info.plist"; sourceTree = SOURCE_ROOT; };
		DA2862B125B3B2E0005151D1 /* LoginPageController.swift */ = {isa = PBXFileReference; lastKnownFileType = sourcecode.swift; path = LoginPageController.swift; sourceTree = "<group>"; };
		DA2862B625B3B777005151D1 /* StaticsAndConstants.swift */ = {isa = PBXFileReference; lastKnownFileType = sourcecode.swift; path = StaticsAndConstants.swift; sourceTree = "<group>"; };
		DA2862BE25B3B7BD005151D1 /* Message.swift */ = {isa = PBXFileReference; lastKnownFileType = sourcecode.swift; path = Message.swift; sourceTree = "<group>"; };
		DA2862C325B3BE17005151D1 /* MessageCell.swift */ = {isa = PBXFileReference; lastKnownFileType = sourcecode.swift; path = MessageCell.swift; sourceTree = "<group>"; };
		DA2862C425B3BE17005151D1 /* MessageCell.xib */ = {isa = PBXFileReference; lastKnownFileType = file.xib; path = MessageCell.xib; sourceTree = "<group>"; };
		DAE5F6F225B3464A002E9D99 /* HackDavis.app */ = {isa = PBXFileReference; explicitFileType = wrapper.application; includeInIndex = 0; path = HackDavis.app; sourceTree = BUILT_PRODUCTS_DIR; };
		DAE5F6F525B3464A002E9D99 /* AppDelegate.swift */ = {isa = PBXFileReference; lastKnownFileType = sourcecode.swift; path = AppDelegate.swift; sourceTree = "<group>"; };
		DAE5F6F725B3464A002E9D99 /* SceneDelegate.swift */ = {isa = PBXFileReference; lastKnownFileType = sourcecode.swift; path = SceneDelegate.swift; sourceTree = "<group>"; };
		DAE5F6FC25B3464A002E9D99 /* Base */ = {isa = PBXFileReference; lastKnownFileType = file.storyboard; name = Base; path = Base.lproj/Main.storyboard; sourceTree = "<group>"; };
		DAE5F6FE25B3464D002E9D99 /* Assets.xcassets */ = {isa = PBXFileReference; lastKnownFileType = folder.assetcatalog; path = Assets.xcassets; sourceTree = "<group>"; };
		DAE5F70125B3464D002E9D99 /* Base */ = {isa = PBXFileReference; lastKnownFileType = file.storyboard; name = Base; path = Base.lproj/LaunchScreen.storyboard; sourceTree = "<group>"; };
		DAE5F70325B3464D002E9D99 /* Info.plist */ = {isa = PBXFileReference; lastKnownFileType = text.plist.xml; path = Info.plist; sourceTree = "<group>"; };
		DAE5F70825B3464D002E9D99 /* HackDavisTests.xctest */ = {isa = PBXFileReference; explicitFileType = wrapper.cfbundle; includeInIndex = 0; path = HackDavisTests.xctest; sourceTree = BUILT_PRODUCTS_DIR; };
		DAE5F70C25B3464D002E9D99 /* HackDavisTests.swift */ = {isa = PBXFileReference; lastKnownFileType = sourcecode.swift; path = HackDavisTests.swift; sourceTree = "<group>"; };
		DAE5F70E25B3464D002E9D99 /* Info.plist */ = {isa = PBXFileReference; lastKnownFileType = text.plist.xml; path = Info.plist; sourceTree = "<group>"; };
		DAE5F71325B3464E002E9D99 /* HackDavisUITests.xctest */ = {isa = PBXFileReference; explicitFileType = wrapper.cfbundle; includeInIndex = 0; path = HackDavisUITests.xctest; sourceTree = BUILT_PRODUCTS_DIR; };
		DAE5F71725B3464E002E9D99 /* HackDavisUITests.swift */ = {isa = PBXFileReference; lastKnownFileType = sourcecode.swift; path = HackDavisUITests.swift; sourceTree = "<group>"; };
		DAE5F71925B3464E002E9D99 /* Info.plist */ = {isa = PBXFileReference; lastKnownFileType = text.plist.xml; path = Info.plist; sourceTree = "<group>"; };
/* End PBXFileReference section */

/* Begin PBXFrameworksBuildPhase section */
		DAE5F6EF25B3464A002E9D99 /* Frameworks */ = {
			isa = PBXFrameworksBuildPhase;
			buildActionMask = 2147483647;
			files = (
				B4D0AF5F2AD9FFEAB490CBC9 /* Pods_HackDavis.framework in Frameworks */,
			);
			runOnlyForDeploymentPostprocessing = 0;
		};
		DAE5F70525B3464D002E9D99 /* Frameworks */ = {
			isa = PBXFrameworksBuildPhase;
			buildActionMask = 2147483647;
			files = (
				3B869EA212FFF099D436C7AF /* Pods_HackDavisTests.framework in Frameworks */,
			);
			runOnlyForDeploymentPostprocessing = 0;
		};
		DAE5F71025B3464E002E9D99 /* Frameworks */ = {
			isa = PBXFrameworksBuildPhase;
			buildActionMask = 2147483647;
			files = (
				6AE6E9ADA014DB3C7F467BAE /* Pods_HackDavis_HackDavisUITests.framework in Frameworks */,
			);
			runOnlyForDeploymentPostprocessing = 0;
		};
/* End PBXFrameworksBuildPhase section */

/* Begin PBXGroup section */
		ABEC2BF64E2597AE93649E23 /* Frameworks */ = {
			isa = PBXGroup;
			children = (
				49BD7708D4162A72184E8EF8 /* Pods_HackDavis.framework */,
				494E2496B504C3BAB5404FB7 /* Pods_HackDavis_HackDavisUITests.framework */,
				A7E7AD324ADF5721E0BE08FB /* Pods_HackDavisTests.framework */,
			);
			name = Frameworks;
			sourceTree = "<group>";
		};
		B57436E71F2027A78ABFA2DF /* Pods */ = {
			isa = PBXGroup;
			children = (
				70060A913A2CA7A42A716703 /* Pods-HackDavis.debug.xcconfig */,
				BB403061EBAB0E428BD073F3 /* Pods-HackDavis.release.xcconfig */,
				D0848D795A6F82D4955CA7A9 /* Pods-HackDavis-HackDavisUITests.debug.xcconfig */,
				97EA6C0E587A902AA4C2673D /* Pods-HackDavis-HackDavisUITests.release.xcconfig */,
				D7EE523E3DED04DEC4059CC0 /* Pods-HackDavisTests.debug.xcconfig */,
				5193A58241A7970E3767C02A /* Pods-HackDavisTests.release.xcconfig */,
			);
			path = Pods;
			sourceTree = "<group>";
		};
		DAE5F6E925B3464A002E9D99 = {
			isa = PBXGroup;
			children = (
				DAE5F6F425B3464A002E9D99 /* HackDavis */,
				DAE5F70B25B3464D002E9D99 /* HackDavisTests */,
				DAE5F71625B3464E002E9D99 /* HackDavisUITests */,
				DAE5F6F325B3464A002E9D99 /* Products */,
				B57436E71F2027A78ABFA2DF /* Pods */,
				ABEC2BF64E2597AE93649E23 /* Frameworks */,
			);
			sourceTree = "<group>";
		};
		DAE5F6F325B3464A002E9D99 /* Products */ = {
			isa = PBXGroup;
			children = (
				DAE5F6F225B3464A002E9D99 /* HackDavis.app */,
				DAE5F70825B3464D002E9D99 /* HackDavisTests.xctest */,
				DAE5F71325B3464E002E9D99 /* HackDavisUITests.xctest */,
			);
			name = Products;
			sourceTree = "<group>";
		};
		DAE5F6F425B3464A002E9D99 /* HackDavis */ = {
			isa = PBXGroup;
			children = (
				DAECAFE425B3AA3E00B19A37 /* Model */,
				DAECAFE625B3AA4D00B19A37 /* View */,
				DAECAFE725B3AA5400B19A37 /* Controller */,
				DA2862A925B3B005005151D1 /* GoogleService-Info.plist */,
				DA2862B625B3B777005151D1 /* StaticsAndConstants.swift */,
				DAE5F6F525B3464A002E9D99 /* AppDelegate.swift */,
				DAE5F6F725B3464A002E9D99 /* SceneDelegate.swift */,
				DAE5F6FE25B3464D002E9D99 /* Assets.xcassets */,
				DAE5F70325B3464D002E9D99 /* Info.plist */,
			);
			path = HackDavis;
			sourceTree = "<group>";
		};
		DAE5F70B25B3464D002E9D99 /* HackDavisTests */ = {
			isa = PBXGroup;
			children = (
				DAE5F70C25B3464D002E9D99 /* HackDavisTests.swift */,
				DAE5F70E25B3464D002E9D99 /* Info.plist */,
			);
			path = HackDavisTests;
			sourceTree = "<group>";
		};
		DAE5F71625B3464E002E9D99 /* HackDavisUITests */ = {
			isa = PBXGroup;
			children = (
				DAE5F71725B3464E002E9D99 /* HackDavisUITests.swift */,
				DAE5F71925B3464E002E9D99 /* Info.plist */,
			);
			path = HackDavisUITests;
			sourceTree = "<group>";
		};
		DAECAFE425B3AA3E00B19A37 /* Model */ = {
			isa = PBXGroup;
			children = (
				926BB6A825B37F9B00A934CD /* MyDatabase.swift */,
				DA2862BE25B3B7BD005151D1 /* Message.swift */,
			);
			path = Model;
			sourceTree = "<group>";
		};
		DAECAFE625B3AA4D00B19A37 /* View */ = {
			isa = PBXGroup;
			children = (
				DAE5F6FB25B3464A002E9D99 /* Main.storyboard */,
				DAE5F70025B3464D002E9D99 /* LaunchScreen.storyboard */,
				DA2862C325B3BE17005151D1 /* MessageCell.swift */,
				DA2862C425B3BE17005151D1 /* MessageCell.xib */,
			);
			path = View;
			sourceTree = "<group>";
		};
		DAECAFE725B3AA5400B19A37 /* Controller */ = {
			isa = PBXGroup;
			children = (
				9252228E25B35C12009344E0 /* ProfileViewController.swift */,
				99AFF45625B36BAA00B137A7 /* MainFeedViewController.swift */,
				99AFF45B25B36BE500B137A7 /* DetailPostViewController.swift */,
				99AFF46025B36C0500B137A7 /* MapViewController.swift */,
				99AFF46525B36C1F00B137A7 /* ChatViewController.swift */,
				926BB6A325B37EEB00A934CD /* LoginViewController.swift */,
				926BB6AD25B3808800A934CD /* InitialViewController.swift */,
				DA2862A425B3AB82005151D1 /* RegisterController.swift */,
				DA2862B125B3B2E0005151D1 /* LoginPageController.swift */,
				DA11C51025B419F200094D5F /* ConversationListController.swift */,
			);
			path = Controller;
			sourceTree = "<group>";
		};
/* End PBXGroup section */

/* Begin PBXNativeTarget section */
		DAE5F6F125B3464A002E9D99 /* HackDavis */ = {
			isa = PBXNativeTarget;
			buildConfigurationList = DAE5F71C25B3464E002E9D99 /* Build configuration list for PBXNativeTarget "HackDavis" */;
			buildPhases = (
				89C6627C4999C395CEDC5869 /* [CP] Check Pods Manifest.lock */,
				DAE5F6EE25B3464A002E9D99 /* Sources */,
				DAE5F6EF25B3464A002E9D99 /* Frameworks */,
				DAE5F6F025B3464A002E9D99 /* Resources */,
				1FBE35D1B8DF2A99EAD66A5F /* [CP] Embed Pods Frameworks */,
				1C926D2E860262F184320966 /* [CP] Copy Pods Resources */,
			);
			buildRules = (
			);
			dependencies = (
			);
			name = HackDavis;
			productName = HackDavis;
			productReference = DAE5F6F225B3464A002E9D99 /* HackDavis.app */;
			productType = "com.apple.product-type.application";
		};
		DAE5F70725B3464D002E9D99 /* HackDavisTests */ = {
			isa = PBXNativeTarget;
			buildConfigurationList = DAE5F71F25B3464E002E9D99 /* Build configuration list for PBXNativeTarget "HackDavisTests" */;
			buildPhases = (
				D8B7FFF319101A171D1D76ED /* [CP] Check Pods Manifest.lock */,
				DAE5F70425B3464D002E9D99 /* Sources */,
				DAE5F70525B3464D002E9D99 /* Frameworks */,
				DAE5F70625B3464D002E9D99 /* Resources */,
			);
			buildRules = (
			);
			dependencies = (
				DAE5F70A25B3464D002E9D99 /* PBXTargetDependency */,
			);
			name = HackDavisTests;
			productName = HackDavisTests;
			productReference = DAE5F70825B3464D002E9D99 /* HackDavisTests.xctest */;
			productType = "com.apple.product-type.bundle.unit-test";
		};
		DAE5F71225B3464E002E9D99 /* HackDavisUITests */ = {
			isa = PBXNativeTarget;
			buildConfigurationList = DAE5F72225B3464E002E9D99 /* Build configuration list for PBXNativeTarget "HackDavisUITests" */;
			buildPhases = (
				929286252E2AD237F22EAA72 /* [CP] Check Pods Manifest.lock */,
				DAE5F70F25B3464E002E9D99 /* Sources */,
				DAE5F71025B3464E002E9D99 /* Frameworks */,
				DAE5F71125B3464E002E9D99 /* Resources */,
				135FC097DC752EA374783593 /* [CP] Embed Pods Frameworks */,
				1629B12704C07FB757720AFC /* [CP] Copy Pods Resources */,
			);
			buildRules = (
			);
			dependencies = (
				DAE5F71525B3464E002E9D99 /* PBXTargetDependency */,
			);
			name = HackDavisUITests;
			productName = HackDavisUITests;
			productReference = DAE5F71325B3464E002E9D99 /* HackDavisUITests.xctest */;
			productType = "com.apple.product-type.bundle.ui-testing";
		};
/* End PBXNativeTarget section */

/* Begin PBXProject section */
		DAE5F6EA25B3464A002E9D99 /* Project object */ = {
			isa = PBXProject;
			attributes = {
				LastSwiftUpdateCheck = 1230;
				LastUpgradeCheck = 1230;
				TargetAttributes = {
					DAE5F6F125B3464A002E9D99 = {
						CreatedOnToolsVersion = 12.3;
					};
					DAE5F70725B3464D002E9D99 = {
						CreatedOnToolsVersion = 12.3;
						TestTargetID = DAE5F6F125B3464A002E9D99;
					};
					DAE5F71225B3464E002E9D99 = {
						CreatedOnToolsVersion = 12.3;
						TestTargetID = DAE5F6F125B3464A002E9D99;
					};
				};
			};
			buildConfigurationList = DAE5F6ED25B3464A002E9D99 /* Build configuration list for PBXProject "HackDavis" */;
			compatibilityVersion = "Xcode 9.3";
			developmentRegion = en;
			hasScannedForEncodings = 0;
			knownRegions = (
				en,
				Base,
			);
			mainGroup = DAE5F6E925B3464A002E9D99;
			productRefGroup = DAE5F6F325B3464A002E9D99 /* Products */;
			projectDirPath = "";
			projectRoot = "";
			targets = (
				DAE5F6F125B3464A002E9D99 /* HackDavis */,
				DAE5F70725B3464D002E9D99 /* HackDavisTests */,
				DAE5F71225B3464E002E9D99 /* HackDavisUITests */,
			);
		};
/* End PBXProject section */

/* Begin PBXResourcesBuildPhase section */
		DAE5F6F025B3464A002E9D99 /* Resources */ = {
			isa = PBXResourcesBuildPhase;
			buildActionMask = 2147483647;
			files = (
				DA2862C625B3BE17005151D1 /* MessageCell.xib in Resources */,
				DAE5F70225B3464D002E9D99 /* LaunchScreen.storyboard in Resources */,
				DA2862AA25B3B005005151D1 /* GoogleService-Info.plist in Resources */,
				DAE5F6FF25B3464D002E9D99 /* Assets.xcassets in Resources */,
				DAE5F6FD25B3464A002E9D99 /* Main.storyboard in Resources */,
			);
			runOnlyForDeploymentPostprocessing = 0;
		};
		DAE5F70625B3464D002E9D99 /* Resources */ = {
			isa = PBXResourcesBuildPhase;
			buildActionMask = 2147483647;
			files = (
			);
			runOnlyForDeploymentPostprocessing = 0;
		};
		DAE5F71125B3464E002E9D99 /* Resources */ = {
			isa = PBXResourcesBuildPhase;
			buildActionMask = 2147483647;
			files = (
			);
			runOnlyForDeploymentPostprocessing = 0;
		};
/* End PBXResourcesBuildPhase section */

/* Begin PBXShellScriptBuildPhase section */
		135FC097DC752EA374783593 /* [CP] Embed Pods Frameworks */ = {
			isa = PBXShellScriptBuildPhase;
			buildActionMask = 2147483647;
			files = (
			);
			inputFileListPaths = (
				"${PODS_ROOT}/Target Support Files/Pods-HackDavis-HackDavisUITests/Pods-HackDavis-HackDavisUITests-frameworks-${CONFIGURATION}-input-files.xcfilelist",
			);
			name = "[CP] Embed Pods Frameworks";
			outputFileListPaths = (
				"${PODS_ROOT}/Target Support Files/Pods-HackDavis-HackDavisUITests/Pods-HackDavis-HackDavisUITests-frameworks-${CONFIGURATION}-output-files.xcfilelist",
			);
			runOnlyForDeploymentPostprocessing = 0;
			shellPath = /bin/sh;
			shellScript = "\"${PODS_ROOT}/Target Support Files/Pods-HackDavis-HackDavisUITests/Pods-HackDavis-HackDavisUITests-frameworks.sh\"\n";
			showEnvVarsInLog = 0;
		};
		1629B12704C07FB757720AFC /* [CP] Copy Pods Resources */ = {
			isa = PBXShellScriptBuildPhase;
			buildActionMask = 2147483647;
			files = (
			);
			inputFileListPaths = (
				"${PODS_ROOT}/Target Support Files/Pods-HackDavis-HackDavisUITests/Pods-HackDavis-HackDavisUITests-resources-${CONFIGURATION}-input-files.xcfilelist",
			);
			name = "[CP] Copy Pods Resources";
			outputFileListPaths = (
				"${PODS_ROOT}/Target Support Files/Pods-HackDavis-HackDavisUITests/Pods-HackDavis-HackDavisUITests-resources-${CONFIGURATION}-output-files.xcfilelist",
			);
			runOnlyForDeploymentPostprocessing = 0;
			shellPath = /bin/sh;
			shellScript = "\"${PODS_ROOT}/Target Support Files/Pods-HackDavis-HackDavisUITests/Pods-HackDavis-HackDavisUITests-resources.sh\"\n";
			showEnvVarsInLog = 0;
		};
		1C926D2E860262F184320966 /* [CP] Copy Pods Resources */ = {
			isa = PBXShellScriptBuildPhase;
			buildActionMask = 2147483647;
			files = (
			);
			inputFileListPaths = (
				"${PODS_ROOT}/Target Support Files/Pods-HackDavis/Pods-HackDavis-resources-${CONFIGURATION}-input-files.xcfilelist",
			);
			name = "[CP] Copy Pods Resources";
			outputFileListPaths = (
				"${PODS_ROOT}/Target Support Files/Pods-HackDavis/Pods-HackDavis-resources-${CONFIGURATION}-output-files.xcfilelist",
			);
			runOnlyForDeploymentPostprocessing = 0;
			shellPath = /bin/sh;
			shellScript = "\"${PODS_ROOT}/Target Support Files/Pods-HackDavis/Pods-HackDavis-resources.sh\"\n";
			showEnvVarsInLog = 0;
		};
		1FBE35D1B8DF2A99EAD66A5F /* [CP] Embed Pods Frameworks */ = {
			isa = PBXShellScriptBuildPhase;
			buildActionMask = 2147483647;
			files = (
			);
			inputFileListPaths = (
				"${PODS_ROOT}/Target Support Files/Pods-HackDavis/Pods-HackDavis-frameworks-${CONFIGURATION}-input-files.xcfilelist",
			);
			name = "[CP] Embed Pods Frameworks";
			outputFileListPaths = (
				"${PODS_ROOT}/Target Support Files/Pods-HackDavis/Pods-HackDavis-frameworks-${CONFIGURATION}-output-files.xcfilelist",
			);
			runOnlyForDeploymentPostprocessing = 0;
			shellPath = /bin/sh;
			shellScript = "\"${PODS_ROOT}/Target Support Files/Pods-HackDavis/Pods-HackDavis-frameworks.sh\"\n";
			showEnvVarsInLog = 0;
		};
		89C6627C4999C395CEDC5869 /* [CP] Check Pods Manifest.lock */ = {
			isa = PBXShellScriptBuildPhase;
			buildActionMask = 2147483647;
			files = (
			);
			inputFileListPaths = (
			);
			inputPaths = (
				"${PODS_PODFILE_DIR_PATH}/Podfile.lock",
				"${PODS_ROOT}/Manifest.lock",
			);
			name = "[CP] Check Pods Manifest.lock";
			outputFileListPaths = (
			);
			outputPaths = (
				"$(DERIVED_FILE_DIR)/Pods-HackDavis-checkManifestLockResult.txt",
			);
			runOnlyForDeploymentPostprocessing = 0;
			shellPath = /bin/sh;
			shellScript = "diff \"${PODS_PODFILE_DIR_PATH}/Podfile.lock\" \"${PODS_ROOT}/Manifest.lock\" > /dev/null\nif [ $? != 0 ] ; then\n    # print error to STDERR\n    echo \"error: The sandbox is not in sync with the Podfile.lock. Run 'pod install' or update your CocoaPods installation.\" >&2\n    exit 1\nfi\n# This output is used by Xcode 'outputs' to avoid re-running this script phase.\necho \"SUCCESS\" > \"${SCRIPT_OUTPUT_FILE_0}\"\n";
			showEnvVarsInLog = 0;
		};
		929286252E2AD237F22EAA72 /* [CP] Check Pods Manifest.lock */ = {
			isa = PBXShellScriptBuildPhase;
			buildActionMask = 2147483647;
			files = (
			);
			inputFileListPaths = (
			);
			inputPaths = (
				"${PODS_PODFILE_DIR_PATH}/Podfile.lock",
				"${PODS_ROOT}/Manifest.lock",
			);
			name = "[CP] Check Pods Manifest.lock";
			outputFileListPaths = (
			);
			outputPaths = (
				"$(DERIVED_FILE_DIR)/Pods-HackDavis-HackDavisUITests-checkManifestLockResult.txt",
			);
			runOnlyForDeploymentPostprocessing = 0;
			shellPath = /bin/sh;
			shellScript = "diff \"${PODS_PODFILE_DIR_PATH}/Podfile.lock\" \"${PODS_ROOT}/Manifest.lock\" > /dev/null\nif [ $? != 0 ] ; then\n    # print error to STDERR\n    echo \"error: The sandbox is not in sync with the Podfile.lock. Run 'pod install' or update your CocoaPods installation.\" >&2\n    exit 1\nfi\n# This output is used by Xcode 'outputs' to avoid re-running this script phase.\necho \"SUCCESS\" > \"${SCRIPT_OUTPUT_FILE_0}\"\n";
			showEnvVarsInLog = 0;
		};
		D8B7FFF319101A171D1D76ED /* [CP] Check Pods Manifest.lock */ = {
			isa = PBXShellScriptBuildPhase;
			buildActionMask = 2147483647;
			files = (
			);
			inputFileListPaths = (
			);
			inputPaths = (
				"${PODS_PODFILE_DIR_PATH}/Podfile.lock",
				"${PODS_ROOT}/Manifest.lock",
			);
			name = "[CP] Check Pods Manifest.lock";
			outputFileListPaths = (
			);
			outputPaths = (
				"$(DERIVED_FILE_DIR)/Pods-HackDavisTests-checkManifestLockResult.txt",
			);
			runOnlyForDeploymentPostprocessing = 0;
			shellPath = /bin/sh;
			shellScript = "diff \"${PODS_PODFILE_DIR_PATH}/Podfile.lock\" \"${PODS_ROOT}/Manifest.lock\" > /dev/null\nif [ $? != 0 ] ; then\n    # print error to STDERR\n    echo \"error: The sandbox is not in sync with the Podfile.lock. Run 'pod install' or update your CocoaPods installation.\" >&2\n    exit 1\nfi\n# This output is used by Xcode 'outputs' to avoid re-running this script phase.\necho \"SUCCESS\" > \"${SCRIPT_OUTPUT_FILE_0}\"\n";
			showEnvVarsInLog = 0;
		};
/* End PBXShellScriptBuildPhase section */

/* Begin PBXSourcesBuildPhase section */
		DAE5F6EE25B3464A002E9D99 /* Sources */ = {
			isa = PBXSourcesBuildPhase;
			buildActionMask = 2147483647;
			files = (
				926BB6A425B37EEB00A934CD /* LoginViewController.swift in Sources */,
				926BB6AE25B3808800A934CD /* InitialViewController.swift in Sources */,
				DA2862A525B3AB82005151D1 /* RegisterController.swift in Sources */,
				926BB6A925B37F9B00A934CD /* MyDatabase.swift in Sources */,
				DA2862B725B3B777005151D1 /* StaticsAndConstants.swift in Sources */,
				99AFF45725B36BAA00B137A7 /* MainFeedViewController.swift in Sources */,
				99AFF46625B36C1F00B137A7 /* ChatViewController.swift in Sources */,
				DA2862B225B3B2E0005151D1 /* LoginPageController.swift in Sources */,
				DAE5F6F625B3464A002E9D99 /* AppDelegate.swift in Sources */,
				9252228F25B35C12009344E0 /* ProfileViewController.swift in Sources */,
				DAE5F6F825B3464A002E9D99 /* SceneDelegate.swift in Sources */,
				DA2862C525B3BE17005151D1 /* MessageCell.swift in Sources */,
				DA11C51125B419F200094D5F /* ConversationListController.swift in Sources */,
				99AFF45C25B36BE500B137A7 /* DetailPostViewController.swift in Sources */,
				99AFF46125B36C0500B137A7 /* MapViewController.swift in Sources */,
				DA2862BF25B3B7BD005151D1 /* Message.swift in Sources */,
			);
			runOnlyForDeploymentPostprocessing = 0;
		};
		DAE5F70425B3464D002E9D99 /* Sources */ = {
			isa = PBXSourcesBuildPhase;
			buildActionMask = 2147483647;
			files = (
				DAE5F70D25B3464D002E9D99 /* HackDavisTests.swift in Sources */,
			);
			runOnlyForDeploymentPostprocessing = 0;
		};
		DAE5F70F25B3464E002E9D99 /* Sources */ = {
			isa = PBXSourcesBuildPhase;
			buildActionMask = 2147483647;
			files = (
				DAE5F71825B3464E002E9D99 /* HackDavisUITests.swift in Sources */,
			);
			runOnlyForDeploymentPostprocessing = 0;
		};
/* End PBXSourcesBuildPhase section */

/* Begin PBXTargetDependency section */
		DAE5F70A25B3464D002E9D99 /* PBXTargetDependency */ = {
			isa = PBXTargetDependency;
			target = DAE5F6F125B3464A002E9D99 /* HackDavis */;
			targetProxy = DAE5F70925B3464D002E9D99 /* PBXContainerItemProxy */;
		};
		DAE5F71525B3464E002E9D99 /* PBXTargetDependency */ = {
			isa = PBXTargetDependency;
			target = DAE5F6F125B3464A002E9D99 /* HackDavis */;
			targetProxy = DAE5F71425B3464E002E9D99 /* PBXContainerItemProxy */;
		};
/* End PBXTargetDependency section */

/* Begin PBXVariantGroup section */
		DAE5F6FB25B3464A002E9D99 /* Main.storyboard */ = {
			isa = PBXVariantGroup;
			children = (
				DAE5F6FC25B3464A002E9D99 /* Base */,
			);
			name = Main.storyboard;
			sourceTree = "<group>";
		};
		DAE5F70025B3464D002E9D99 /* LaunchScreen.storyboard */ = {
			isa = PBXVariantGroup;
			children = (
				DAE5F70125B3464D002E9D99 /* Base */,
			);
			name = LaunchScreen.storyboard;
			sourceTree = "<group>";
		};
/* End PBXVariantGroup section */

/* Begin XCBuildConfiguration section */
		DAE5F71A25B3464E002E9D99 /* Debug */ = {
			isa = XCBuildConfiguration;
			buildSettings = {
				ALWAYS_SEARCH_USER_PATHS = NO;
				CLANG_ANALYZER_NONNULL = YES;
				CLANG_ANALYZER_NUMBER_OBJECT_CONVERSION = YES_AGGRESSIVE;
				CLANG_CXX_LANGUAGE_STANDARD = "gnu++14";
				CLANG_CXX_LIBRARY = "libc++";
				CLANG_ENABLE_MODULES = YES;
				CLANG_ENABLE_OBJC_ARC = YES;
				CLANG_ENABLE_OBJC_WEAK = YES;
				CLANG_WARN_BLOCK_CAPTURE_AUTORELEASING = YES;
				CLANG_WARN_BOOL_CONVERSION = YES;
				CLANG_WARN_COMMA = YES;
				CLANG_WARN_CONSTANT_CONVERSION = YES;
				CLANG_WARN_DEPRECATED_OBJC_IMPLEMENTATIONS = YES;
				CLANG_WARN_DIRECT_OBJC_ISA_USAGE = YES_ERROR;
				CLANG_WARN_DOCUMENTATION_COMMENTS = YES;
				CLANG_WARN_EMPTY_BODY = YES;
				CLANG_WARN_ENUM_CONVERSION = YES;
				CLANG_WARN_INFINITE_RECURSION = YES;
				CLANG_WARN_INT_CONVERSION = YES;
				CLANG_WARN_NON_LITERAL_NULL_CONVERSION = YES;
				CLANG_WARN_OBJC_IMPLICIT_RETAIN_SELF = YES;
				CLANG_WARN_OBJC_LITERAL_CONVERSION = YES;
				CLANG_WARN_OBJC_ROOT_CLASS = YES_ERROR;
				CLANG_WARN_QUOTED_INCLUDE_IN_FRAMEWORK_HEADER = YES;
				CLANG_WARN_RANGE_LOOP_ANALYSIS = YES;
				CLANG_WARN_STRICT_PROTOTYPES = YES;
				CLANG_WARN_SUSPICIOUS_MOVE = YES;
				CLANG_WARN_UNGUARDED_AVAILABILITY = YES_AGGRESSIVE;
				CLANG_WARN_UNREACHABLE_CODE = YES;
				CLANG_WARN__DUPLICATE_METHOD_MATCH = YES;
				COPY_PHASE_STRIP = NO;
				DEBUG_INFORMATION_FORMAT = dwarf;
				ENABLE_STRICT_OBJC_MSGSEND = YES;
				ENABLE_TESTABILITY = YES;
				GCC_C_LANGUAGE_STANDARD = gnu11;
				GCC_DYNAMIC_NO_PIC = NO;
				GCC_NO_COMMON_BLOCKS = YES;
				GCC_OPTIMIZATION_LEVEL = 0;
				GCC_PREPROCESSOR_DEFINITIONS = (
					"DEBUG=1",
					"$(inherited)",
				);
				GCC_WARN_64_TO_32_BIT_CONVERSION = YES;
				GCC_WARN_ABOUT_RETURN_TYPE = YES_ERROR;
				GCC_WARN_UNDECLARED_SELECTOR = YES;
				GCC_WARN_UNINITIALIZED_AUTOS = YES_AGGRESSIVE;
				GCC_WARN_UNUSED_FUNCTION = YES;
				GCC_WARN_UNUSED_VARIABLE = YES;
				IPHONEOS_DEPLOYMENT_TARGET = 13.0;
				MTL_ENABLE_DEBUG_INFO = INCLUDE_SOURCE;
				MTL_FAST_MATH = YES;
				ONLY_ACTIVE_ARCH = YES;
				SDKROOT = iphoneos;
				SWIFT_ACTIVE_COMPILATION_CONDITIONS = DEBUG;
				SWIFT_OPTIMIZATION_LEVEL = "-Onone";
			};
			name = Debug;
		};
		DAE5F71B25B3464E002E9D99 /* Release */ = {
			isa = XCBuildConfiguration;
			buildSettings = {
				ALWAYS_SEARCH_USER_PATHS = NO;
				CLANG_ANALYZER_NONNULL = YES;
				CLANG_ANALYZER_NUMBER_OBJECT_CONVERSION = YES_AGGRESSIVE;
				CLANG_CXX_LANGUAGE_STANDARD = "gnu++14";
				CLANG_CXX_LIBRARY = "libc++";
				CLANG_ENABLE_MODULES = YES;
				CLANG_ENABLE_OBJC_ARC = YES;
				CLANG_ENABLE_OBJC_WEAK = YES;
				CLANG_WARN_BLOCK_CAPTURE_AUTORELEASING = YES;
				CLANG_WARN_BOOL_CONVERSION = YES;
				CLANG_WARN_COMMA = YES;
				CLANG_WARN_CONSTANT_CONVERSION = YES;
				CLANG_WARN_DEPRECATED_OBJC_IMPLEMENTATIONS = YES;
				CLANG_WARN_DIRECT_OBJC_ISA_USAGE = YES_ERROR;
				CLANG_WARN_DOCUMENTATION_COMMENTS = YES;
				CLANG_WARN_EMPTY_BODY = YES;
				CLANG_WARN_ENUM_CONVERSION = YES;
				CLANG_WARN_INFINITE_RECURSION = YES;
				CLANG_WARN_INT_CONVERSION = YES;
				CLANG_WARN_NON_LITERAL_NULL_CONVERSION = YES;
				CLANG_WARN_OBJC_IMPLICIT_RETAIN_SELF = YES;
				CLANG_WARN_OBJC_LITERAL_CONVERSION = YES;
				CLANG_WARN_OBJC_ROOT_CLASS = YES_ERROR;
				CLANG_WARN_QUOTED_INCLUDE_IN_FRAMEWORK_HEADER = YES;
				CLANG_WARN_RANGE_LOOP_ANALYSIS = YES;
				CLANG_WARN_STRICT_PROTOTYPES = YES;
				CLANG_WARN_SUSPICIOUS_MOVE = YES;
				CLANG_WARN_UNGUARDED_AVAILABILITY = YES_AGGRESSIVE;
				CLANG_WARN_UNREACHABLE_CODE = YES;
				CLANG_WARN__DUPLICATE_METHOD_MATCH = YES;
				COPY_PHASE_STRIP = NO;
				DEBUG_INFORMATION_FORMAT = "dwarf-with-dsym";
				ENABLE_NS_ASSERTIONS = NO;
				ENABLE_STRICT_OBJC_MSGSEND = YES;
				GCC_C_LANGUAGE_STANDARD = gnu11;
				GCC_NO_COMMON_BLOCKS = YES;
				GCC_WARN_64_TO_32_BIT_CONVERSION = YES;
				GCC_WARN_ABOUT_RETURN_TYPE = YES_ERROR;
				GCC_WARN_UNDECLARED_SELECTOR = YES;
				GCC_WARN_UNINITIALIZED_AUTOS = YES_AGGRESSIVE;
				GCC_WARN_UNUSED_FUNCTION = YES;
				GCC_WARN_UNUSED_VARIABLE = YES;
				IPHONEOS_DEPLOYMENT_TARGET = 13.0;
				MTL_ENABLE_DEBUG_INFO = NO;
				MTL_FAST_MATH = YES;
				SDKROOT = iphoneos;
				SWIFT_COMPILATION_MODE = wholemodule;
				SWIFT_OPTIMIZATION_LEVEL = "-O";
				VALIDATE_PRODUCT = YES;
			};
			name = Release;
		};
		DAE5F71D25B3464E002E9D99 /* Debug */ = {
			isa = XCBuildConfiguration;
			baseConfigurationReference = 70060A913A2CA7A42A716703 /* Pods-HackDavis.debug.xcconfig */;
			buildSettings = {
				ASSETCATALOG_COMPILER_APPICON_NAME = AppIcon;
				ASSETCATALOG_COMPILER_GLOBAL_ACCENT_COLOR_NAME = AccentColor;
				CODE_SIGN_STYLE = Automatic;
				DEVELOPMENT_TEAM = XRPGAT8K5X;
				"EXCLUDED_ARCHS[sdk=iphonesimulator*]" = arm64;
				INFOPLIST_FILE = HackDavis/Info.plist;
				LD_RUNPATH_SEARCH_PATHS = (
					"$(inherited)",
					"@executable_path/Frameworks",
				);
				PRODUCT_BUNDLE_IDENTIFIER = melissaappel.com.HackDavis;
				PRODUCT_NAME = "$(TARGET_NAME)";
				SWIFT_VERSION = 5.0;
				TARGETED_DEVICE_FAMILY = "1,2";
			};
			name = Debug;
		};
		DAE5F71E25B3464E002E9D99 /* Release */ = {
			isa = XCBuildConfiguration;
			baseConfigurationReference = BB403061EBAB0E428BD073F3 /* Pods-HackDavis.release.xcconfig */;
			buildSettings = {
				ASSETCATALOG_COMPILER_APPICON_NAME = AppIcon;
				ASSETCATALOG_COMPILER_GLOBAL_ACCENT_COLOR_NAME = AccentColor;
				CODE_SIGN_STYLE = Automatic;
				DEVELOPMENT_TEAM = XRPGAT8K5X;
				EXCLUDED_ARCHS = "";
				"EXCLUDED_ARCHS[sdk=iphonesimulator*]" = arm64;
				INFOPLIST_FILE = HackDavis/Info.plist;
				LD_RUNPATH_SEARCH_PATHS = (
					"$(inherited)",
					"@executable_path/Frameworks",
				);
				PRODUCT_BUNDLE_IDENTIFIER = melissaappel.com.HackDavis;
				PRODUCT_NAME = "$(TARGET_NAME)";
				SWIFT_VERSION = 5.0;
				TARGETED_DEVICE_FAMILY = "1,2";
			};
			name = Release;
		};
		DAE5F72025B3464E002E9D99 /* Debug */ = {
			isa = XCBuildConfiguration;
			baseConfigurationReference = D7EE523E3DED04DEC4059CC0 /* Pods-HackDavisTests.debug.xcconfig */;
			buildSettings = {
				ALWAYS_EMBED_SWIFT_STANDARD_LIBRARIES = YES;
				BUNDLE_LOADER = "$(TEST_HOST)";
				CODE_SIGN_STYLE = Automatic;
				DEVELOPMENT_TEAM = XRPGAT8K5X;
				INFOPLIST_FILE = HackDavisTests/Info.plist;
				IPHONEOS_DEPLOYMENT_TARGET = 14.3;
				LD_RUNPATH_SEARCH_PATHS = (
					"$(inherited)",
					"@executable_path/Frameworks",
					"@loader_path/Frameworks",
				);
				PRODUCT_BUNDLE_IDENTIFIER = melissaappel.com.HackDavisTests;
				PRODUCT_NAME = "$(TARGET_NAME)";
				SWIFT_VERSION = 5.0;
				TARGETED_DEVICE_FAMILY = "1,2";
				TEST_HOST = "$(BUILT_PRODUCTS_DIR)/HackDavis.app/HackDavis";
			};
			name = Debug;
		};
		DAE5F72125B3464E002E9D99 /* Release */ = {
			isa = XCBuildConfiguration;
			baseConfigurationReference = 5193A58241A7970E3767C02A /* Pods-HackDavisTests.release.xcconfig */;
			buildSettings = {
				ALWAYS_EMBED_SWIFT_STANDARD_LIBRARIES = YES;
				BUNDLE_LOADER = "$(TEST_HOST)";
				CODE_SIGN_STYLE = Automatic;
				DEVELOPMENT_TEAM = XRPGAT8K5X;
				INFOPLIST_FILE = HackDavisTests/Info.plist;
				IPHONEOS_DEPLOYMENT_TARGET = 14.3;
				LD_RUNPATH_SEARCH_PATHS = (
					"$(inherited)",
					"@executable_path/Frameworks",
					"@loader_path/Frameworks",
				);
				PRODUCT_BUNDLE_IDENTIFIER = melissaappel.com.HackDavisTests;
				PRODUCT_NAME = "$(TARGET_NAME)";
				SWIFT_VERSION = 5.0;
				TARGETED_DEVICE_FAMILY = "1,2";
				TEST_HOST = "$(BUILT_PRODUCTS_DIR)/HackDavis.app/HackDavis";
			};
			name = Release;
		};
		DAE5F72325B3464E002E9D99 /* Debug */ = {
			isa = XCBuildConfiguration;
			baseConfigurationReference = D0848D795A6F82D4955CA7A9 /* Pods-HackDavis-HackDavisUITests.debug.xcconfig */;
			buildSettings = {
				ALWAYS_EMBED_SWIFT_STANDARD_LIBRARIES = YES;
				CODE_SIGN_STYLE = Automatic;
				DEVELOPMENT_TEAM = XRPGAT8K5X;
				INFOPLIST_FILE = HackDavisUITests/Info.plist;
				LD_RUNPATH_SEARCH_PATHS = (
					"$(inherited)",
					"@executable_path/Frameworks",
					"@loader_path/Frameworks",
				);
				PRODUCT_BUNDLE_IDENTIFIER = melissaappel.com.HackDavisUITests;
				PRODUCT_NAME = "$(TARGET_NAME)";
				SWIFT_VERSION = 5.0;
				TARGETED_DEVICE_FAMILY = "1,2";
				TEST_TARGET_NAME = HackDavis;
			};
			name = Debug;
		};
		DAE5F72425B3464E002E9D99 /* Release */ = {
			isa = XCBuildConfiguration;
			baseConfigurationReference = 97EA6C0E587A902AA4C2673D /* Pods-HackDavis-HackDavisUITests.release.xcconfig */;
			buildSettings = {
				ALWAYS_EMBED_SWIFT_STANDARD_LIBRARIES = YES;
				CODE_SIGN_STYLE = Automatic;
				DEVELOPMENT_TEAM = XRPGAT8K5X;
				INFOPLIST_FILE = HackDavisUITests/Info.plist;
				LD_RUNPATH_SEARCH_PATHS = (
					"$(inherited)",
					"@executable_path/Frameworks",
					"@loader_path/Frameworks",
				);
				PRODUCT_BUNDLE_IDENTIFIER = melissaappel.com.HackDavisUITests;
				PRODUCT_NAME = "$(TARGET_NAME)";
				SWIFT_VERSION = 5.0;
				TARGETED_DEVICE_FAMILY = "1,2";
				TEST_TARGET_NAME = HackDavis;
			};
			name = Release;
		};
/* End XCBuildConfiguration section */

/* Begin XCConfigurationList section */
		DAE5F6ED25B3464A002E9D99 /* Build configuration list for PBXProject "HackDavis" */ = {
			isa = XCConfigurationList;
			buildConfigurations = (
				DAE5F71A25B3464E002E9D99 /* Debug */,
				DAE5F71B25B3464E002E9D99 /* Release */,
			);
			defaultConfigurationIsVisible = 0;
			defaultConfigurationName = Release;
		};
		DAE5F71C25B3464E002E9D99 /* Build configuration list for PBXNativeTarget "HackDavis" */ = {
			isa = XCConfigurationList;
			buildConfigurations = (
				DAE5F71D25B3464E002E9D99 /* Debug */,
				DAE5F71E25B3464E002E9D99 /* Release */,
			);
			defaultConfigurationIsVisible = 0;
			defaultConfigurationName = Release;
		};
		DAE5F71F25B3464E002E9D99 /* Build configuration list for PBXNativeTarget "HackDavisTests" */ = {
			isa = XCConfigurationList;
			buildConfigurations = (
				DAE5F72025B3464E002E9D99 /* Debug */,
				DAE5F72125B3464E002E9D99 /* Release */,
			);
			defaultConfigurationIsVisible = 0;
			defaultConfigurationName = Release;
		};
		DAE5F72225B3464E002E9D99 /* Build configuration list for PBXNativeTarget "HackDavisUITests" */ = {
			isa = XCConfigurationList;
			buildConfigurations = (
				DAE5F72325B3464E002E9D99 /* Debug */,
				DAE5F72425B3464E002E9D99 /* Release */,
			);
			defaultConfigurationIsVisible = 0;
			defaultConfigurationName = Release;
		};
/* End XCConfigurationList section */
	};
	rootObject = DAE5F6EA25B3464A002E9D99 /* Project object */;
}
